
Microsoft Visual Studio Solution File, Format Version 12.00
# Visual Studio Version 16
VisualStudioVersion = 16.0.31410.357
MinimumVisualStudioVersion = 10.0.40219.1
Project("{FAE04EC0-301F-11D3-BF4B-00C04F79EFBC}") = "Battleship", "Battleship\Battleship.csproj", "{DD00732F-2EB3-4A1B-A260-A185EF3D394D}"
EndProject
Global
	GlobalSection(SolutionConfigurationPlatforms) = preSolution
		Debug|Any CPU = Debug|Any CPU
		Release|Any CPU = Release|Any CPU
	EndGlobalSection
	GlobalSection(ProjectConfigurationPlatforms) = postSolution
		{DD00732F-2EB3-4A1B-A260-A185EF3D394D}.Debug|Any CPU.ActiveCfg = Debug|Any CPU
		{DD00732F-2EB3-4A1B-A260-A185EF3D394D}.Debug|Any CPU.Build.0 = Debug|Any CPU
		{DD00732F-2EB3-4A1B-A260-A185EF3D394D}.Release|Any CPU.ActiveCfg = Release|Any CPU
		{DD00732F-2EB3-4A1B-A260-A185EF3D394D}.Release|Any CPU.Build.0 = Release|Any CPU
	EndGlobalSection
	GlobalSection(SolutionProperties) = preSolution
		HideSolutionNode = FALSE
	EndGlobalSection
	GlobalSection(ExtensibilityGlobals) = postSolution
		SolutionGuid = {4F0FD67E-42D5-40A0-AC15-40064AD61469}
	EndGlobalSection
EndGlobal
